
Microsoft Visual Studio Solution File, Format Version 12.00
# Visual Studio Version 17
VisualStudioVersion = 17.5.002.0
MinimumVisualStudioVersion = 10.0.40219.1
Project("{9A19103F-16F7-4668-BE54-9A1E7A4F7556}") = "Fibonacci", "Fibonacci.csproj", "{19E029C8-E582-4F09-AB1D-C72E5220502D}"
EndProject
Global
	GlobalSection(SolutionConfigurationPlatforms) = preSolution
		Debug|Any CPU = Debug|Any CPU
		Release|Any CPU = Release|Any CPU
	EndGlobalSection
	GlobalSection(ProjectConfigurationPlatforms) = postSolution
		{19E029C8-E582-4F09-AB1D-C72E5220502D}.Debug|Any CPU.ActiveCfg = Debug|Any CPU
		{19E029C8-E582-4F09-AB1D-C72E5220502D}.Debug|Any CPU.Build.0 = Debug|Any CPU
		{19E029C8-E582-4F09-AB1D-C72E5220502D}.Release|Any CPU.ActiveCfg = Release|Any CPU
		{19E029C8-E582-4F09-AB1D-C72E5220502D}.Release|Any CPU.Build.0 = Release|Any CPU
	EndGlobalSection
	GlobalSection(SolutionProperties) = preSolution
		HideSolutionNode = FALSE
	EndGlobalSection
	GlobalSection(ExtensibilityGlobals) = postSolution
		SolutionGuid = {7364E3FE-CC22-4CF9-8A5F-018800AC3FF4}
	EndGlobalSection
EndGlobal
